
Microsoft Visual Studio Solution File, Format Version 12.00
# Visual Studio Version 16
VisualStudioVersion = 16.0.31410.357
MinimumVisualStudioVersion = 10.0.40219.1
Project("{FAE04EC0-301F-11D3-BF4B-00C04F79EFBC}") = "Boren.TWComponentPricing", "Boren.TWComponentPricing\Boren.TWComponentPricing.csproj", "{18AD76C3-1725-4257-B409-2639FEE8ECB5}"
EndProject
Project("{FAE04EC0-301F-11D3-BF4B-00C04F79EFBC}") = "Boren.TWComponentPricing.Tests", "Boren.TWComponentPricing.Tests\Boren.TWComponentPricing.Tests.csproj", "{3EFF0C69-BBFA-4C22-81D5-96F9310E639E}"
EndProject
Global
	GlobalSection(SolutionConfigurationPlatforms) = preSolution
		Debug|Any CPU = Debug|Any CPU
		Release|Any CPU = Release|Any CPU
	EndGlobalSection
	GlobalSection(ProjectConfigurationPlatforms) = postSolution
		{18AD76C3-1725-4257-B409-2639FEE8ECB5}.Debug|Any CPU.ActiveCfg = Debug|Any CPU
		{18AD76C3-1725-4257-B409-2639FEE8ECB5}.Debug|Any CPU.Build.0 = Debug|Any CPU
		{18AD76C3-1725-4257-B409-2639FEE8ECB5}.Release|Any CPU.ActiveCfg = Release|Any CPU
		{18AD76C3-1725-4257-B409-2639FEE8ECB5}.Release|Any CPU.Build.0 = Release|Any CPU
		{3EFF0C69-BBFA-4C22-81D5-96F9310E639E}.Debug|Any CPU.ActiveCfg = Debug|Any CPU
		{3EFF0C69-BBFA-4C22-81D5-96F9310E639E}.Debug|Any CPU.Build.0 = Debug|Any CPU
		{3EFF0C69-BBFA-4C22-81D5-96F9310E639E}.Release|Any CPU.ActiveCfg = Release|Any CPU
		{3EFF0C69-BBFA-4C22-81D5-96F9310E639E}.Release|Any CPU.Build.0 = Release|Any CPU
	EndGlobalSection
	GlobalSection(SolutionProperties) = preSolution
		HideSolutionNode = FALSE
	EndGlobalSection
	GlobalSection(ExtensibilityGlobals) = postSolution
		SolutionGuid = {DCD59625-B1AB-4327-93CF-AB5122BC73EB}
	EndGlobalSection
EndGlobal
